
Microsoft Visual Studio Solution File, Format Version 12.00
# Visual Studio Version 16
VisualStudioVersion = 16.0.29123.88
MinimumVisualStudioVersion = 10.0.40219.1
Project("{9A19103F-16F7-4668-BE54-9A1E7A4F7556}") = "StartedSerilog.WebUI", "StartedSerilog.WebUI\StartedSerilog.WebUI.csproj", "{DF1F4710-FFC7-4423-AF86-1EED5BB65251}"
EndProject
Project("{FAE04EC0-301F-11D3-BF4B-00C04F79EFBC}") = "StartedSerilog.Core", "StartedSerilog.Core\StartedSerilog.Core.csproj", "{BE793754-5DE9-4F95-A9DF-30855D2FBC86}"
EndProject
Global
	GlobalSection(SolutionConfigurationPlatforms) = preSolution
		Debug|Any CPU = Debug|Any CPU
		Release|Any CPU = Release|Any CPU
	EndGlobalSection
	GlobalSection(ProjectConfigurationPlatforms) = postSolution
		{DF1F4710-FFC7-4423-AF86-1EED5BB65251}.Debug|Any CPU.ActiveCfg = Debug|Any CPU
		{DF1F4710-FFC7-4423-AF86-1EED5BB65251}.Debug|Any CPU.Build.0 = Debug|Any CPU
		{DF1F4710-FFC7-4423-AF86-1EED5BB65251}.Release|Any CPU.ActiveCfg = Release|Any CPU
		{DF1F4710-FFC7-4423-AF86-1EED5BB65251}.Release|Any CPU.Build.0 = Release|Any CPU
		{BE793754-5DE9-4F95-A9DF-30855D2FBC86}.Debug|Any CPU.ActiveCfg = Debug|Any CPU
		{BE793754-5DE9-4F95-A9DF-30855D2FBC86}.Debug|Any CPU.Build.0 = Debug|Any CPU
		{BE793754-5DE9-4F95-A9DF-30855D2FBC86}.Release|Any CPU.ActiveCfg = Release|Any CPU
		{BE793754-5DE9-4F95-A9DF-30855D2FBC86}.Release|Any CPU.Build.0 = Release|Any CPU
	EndGlobalSection
	GlobalSection(SolutionProperties) = preSolution
		HideSolutionNode = FALSE
	EndGlobalSection
	GlobalSection(ExtensibilityGlobals) = postSolution
		SolutionGuid = {3E90E926-E90F-4507-8050-7A75050518DE}
	EndGlobalSection
EndGlobal
